// !$*UTF8*$!
{
	archiveVersion = 1;
	classes = {
	};
	objectVersion = 56;
	objects = {

/* Begin PBXBuildFile section */
		A00000000000000000000032 /* Sparkle in Frameworks */ = {isa = PBXBuildFile; productRef = A00000000000000000000031 /* Sparkle */; };
		C00000000000000000000060 /* Assets.xcassets in Resources */ = {isa = PBXBuildFile; fileRef = B00000000000000000000060 /* Assets.xcassets */; };
		C00000000000000000000001 /* ShotNDropApp.swift in Sources */ = {isa = PBXBuildFile; fileRef = B00000000000000000000001 /* ShotNDropApp.swift */; };
		C00000000000000000000010 /* ShelfMediaKind.swift in Sources */ = {isa = PBXBuildFile; fileRef = B00000000000000000000010 /* ShelfMediaKind.swift */; };
		C00000000000000000000011 /* ShelfMediaPayload.swift in Sources */ = {isa = PBXBuildFile; fileRef = B00000000000000000000011 /* ShelfMediaPayload.swift */; };
		C00000000000000000000012 /* ShelfInventory.swift in Sources */ = {isa = PBXBuildFile; fileRef = B00000000000000000000012 /* ShelfInventory.swift */; };
		C00000000000000000000013 /* ShelfMediaValidator.swift in Sources */ = {isa = PBXBuildFile; fileRef = B00000000000000000000013 /* ShelfMediaValidator.swift */; };
		C00000000000000000000014 /* ShelfSessionStore.swift in Sources */ = {isa = PBXBuildFile; fileRef = B00000000000000000000014 /* ShelfSessionStore.swift */; };
C00000000000000000000053 /* UpdateChecker.swift in Sources */ = {isa = PBXBuildFile; fileRef = B00000000000000000000053 /* UpdateChecker.swift */; };
		C00000000000000000000015 /* ShelfPanelController.swift in Sources */ = {isa = PBXBuildFile; fileRef = B00000000000000000000015 /* ShelfPanelController.swift */; };
		C00000000000000000000016 /* ShelfMenuBarController.swift in Sources */ = {isa = PBXBuildFile; fileRef = B00000000000000000000016 /* ShelfMenuBarController.swift */; };
		C00000000000000000000017 /* ShelfSlotView.swift in Sources */ = {isa = PBXBuildFile; fileRef = B00000000000000000000017 /* ShelfSlotView.swift */; };
		C00000000000000000000018 /* ShelfTrayView.swift in Sources */ = {isa = PBXBuildFile; fileRef = B00000000000000000000018 /* ShelfTrayView.swift */; };
		C00000000000000000000019 /* TrayAnchor.swift in Sources */ = {isa = PBXBuildFile; fileRef = B00000000000000000000019 /* TrayAnchor.swift */; };
		C0000000000000000000001A /* PixelDesign.swift in Sources */ = {isa = PBXBuildFile; fileRef = B0000000000000000000001A /* PixelDesign.swift */; };
		C0000000000000000000001B /* CornerBrackets.swift in Sources */ = {isa = PBXBuildFile; fileRef = B0000000000000000000001B /* CornerBrackets.swift */; };
		C0000000000000000000001C /* PixelBevel.swift in Sources */ = {isa = PBXBuildFile; fileRef = B0000000000000000000001C /* PixelBevel.swift */; };
		C0000000000000000000001D /* RunicText.swift in Sources */ = {isa = PBXBuildFile; fileRef = B0000000000000000000001D /* RunicText.swift */; };
		C0000000000000000000001E /* PressStart2P-Regular.ttf in Resources */ = {isa = PBXBuildFile; fileRef = B0000000000000000000001E /* PressStart2P-Regular.ttf */; };
		C0000000000000000000001F /* VT323-Regular.ttf in Resources */ = {isa = PBXBuildFile; fileRef = B0000000000000000000001F /* VT323-Regular.ttf */; };
		C00000000000000000000030 /* Silkscreen-Regular.ttf in Resources */ = {isa = PBXBuildFile; fileRef = B00000000000000000000030 /* Silkscreen-Regular.ttf */; };
		C00000000000000000000031 /* Silkscreen-Bold.ttf in Resources */ = {isa = PBXBuildFile; fileRef = B00000000000000000000031 /* Silkscreen-Bold.ttf */; };
		C00000000000000000000032 /* OFL.txt in Resources */ = {isa = PBXBuildFile; fileRef = B00000000000000000000032 /* OFL.txt */; };
		C00000000000000000000033 /* SHASUMS in Resources */ = {isa = PBXBuildFile; fileRef = B00000000000000000000033 /* SHASUMS */; };
		C00000000000000000000026 /* PixelDesignTests.swift in Sources */ = {isa = PBXBuildFile; fileRef = B00000000000000000000026 /* PixelDesignTests.swift */; };
		C00000000000000000000040 /* RelativeAge.swift in Sources */ = {isa = PBXBuildFile; fileRef = B00000000000000000000040 /* RelativeAge.swift */; };
		C00000000000000000000041 /* ShelfThumbnailer.swift in Sources */ = {isa = PBXBuildFile; fileRef = B00000000000000000000041 /* ShelfThumbnailer.swift */; };
		C00000000000000000000042 /* RankStripe.swift in Sources */ = {isa = PBXBuildFile; fileRef = B00000000000000000000042 /* RankStripe.swift */; };
		C00000000000000000000043 /* DragHandleRune.swift in Sources */ = {isa = PBXBuildFile; fileRef = B00000000000000000000043 /* DragHandleRune.swift */; };
		C00000000000000000000044 /* ShelfTrayHeaderView.swift in Sources */ = {isa = PBXBuildFile; fileRef = B00000000000000000000044 /* ShelfTrayHeaderView.swift */; };
		C00000000000000000000045 /* ShelfTrayFooterView.swift in Sources */ = {isa = PBXBuildFile; fileRef = B00000000000000000000045 /* ShelfTrayFooterView.swift */; };
		C00000000000000000000046 /* ShelfTrayRowView.swift in Sources */ = {isa = PBXBuildFile; fileRef = B00000000000000000000046 /* ShelfTrayRowView.swift */; };
		C00000000000000000000050 /* ShelfRowDragView.swift in Sources */ = {isa = PBXBuildFile; fileRef = B00000000000000000000050 /* ShelfRowDragView.swift */; };
		C00000000000000000000051 /* ShelfContainerView.swift in Sources */ = {isa = PBXBuildFile; fileRef = B00000000000000000000051 /* ShelfContainerView.swift */; };
		C00000000000000000000052 /* ShelfChipView.swift in Sources */ = {isa = PBXBuildFile; fileRef = B00000000000000000000052 /* ShelfChipView.swift */; };
		C00000000000000000000047 /* RelativeAgeTests.swift in Sources */ = {isa = PBXBuildFile; fileRef = B00000000000000000000047 /* RelativeAgeTests.swift */; };
		C00000000000000000000048 /* ShelfThumbnailerTests.swift in Sources */ = {isa = PBXBuildFile; fileRef = B00000000000000000000048 /* ShelfThumbnailerTests.swift */; };
		C00000000000000000000020 /* ShelfInventoryTests.swift in Sources */ = {isa = PBXBuildFile; fileRef = B00000000000000000000020 /* ShelfInventoryTests.swift */; };
		C00000000000000000000021 /* ShelfMediaValidatorTests.swift in Sources */ = {isa = PBXBuildFile; fileRef = B00000000000000000000021 /* ShelfMediaValidatorTests.swift */; };
		C00000000000000000000022 /* ShelfSessionStoreTests.swift in Sources */ = {isa = PBXBuildFile; fileRef = B00000000000000000000022 /* ShelfSessionStoreTests.swift */; };
		C00000000000000000000023 /* ShelfPanelControllerTests.swift in Sources */ = {isa = PBXBuildFile; fileRef = B00000000000000000000023 /* ShelfPanelControllerTests.swift */; };
		C00000000000000000000024 /* ShelfMenuBarControllerTests.swift in Sources */ = {isa = PBXBuildFile; fileRef = B00000000000000000000024 /* ShelfMenuBarControllerTests.swift */; };
		C00000000000000000000025 /* TrayAnchorTests.swift in Sources */ = {isa = PBXBuildFile; fileRef = B00000000000000000000025 /* TrayAnchorTests.swift */; };
/* End PBXBuildFile section */

/* Begin PBXContainerItemProxy section */
		D00000000000000000000002 /* PBXContainerItemProxy */ = {
			isa = PBXContainerItemProxy;
			containerPortal = A00000000000000000000001 /* Project object */;
			proxyType = 1;
			remoteGlobalIDString = A00000000000000000000009;
			remoteInfo = ShotNDrop;
		};
/* End PBXContainerItemProxy section */

/* Begin PBXFileReference section */
		A0000000000000000000000B /* ShotNDrop.app */ = {isa = PBXFileReference; explicitFileType = wrapper.application; includeInIndex = 0; path = ShotNDrop.app; sourceTree = BUILT_PRODUCTS_DIR; };
		A0000000000000000000000C /* ShotNDropTests.xctest */ = {isa = PBXFileReference; explicitFileType = wrapper.cfbundle; includeInIndex = 0; path = ShotNDropTests.xctest; sourceTree = BUILT_PRODUCTS_DIR; };
		B00000000000000000000001 /* ShotNDropApp.swift */ = {isa = PBXFileReference; lastKnownFileType = sourcecode.swift; path = ShotNDropApp.swift; sourceTree = "<group>"; };
		B00000000000000000000008 /* ShotNDrop.entitlements */ = {isa = PBXFileReference; lastKnownFileType = text.plist.entitlements; path = ShotNDrop.entitlements; sourceTree = "<group>"; };
		B00000000000000000000010 /* ShelfMediaKind.swift */ = {isa = PBXFileReference; lastKnownFileType = sourcecode.swift; path = ShelfMediaKind.swift; sourceTree = "<group>"; };
		B00000000000000000000011 /* ShelfMediaPayload.swift */ = {isa = PBXFileReference; lastKnownFileType = sourcecode.swift; path = ShelfMediaPayload.swift; sourceTree = "<group>"; };
		B00000000000000000000012 /* ShelfInventory.swift */ = {isa = PBXFileReference; lastKnownFileType = sourcecode.swift; path = ShelfInventory.swift; sourceTree = "<group>"; };
		B00000000000000000000013 /* ShelfMediaValidator.swift */ = {isa = PBXFileReference; lastKnownFileType = sourcecode.swift; path = ShelfMediaValidator.swift; sourceTree = "<group>"; };
		B00000000000000000000014 /* ShelfSessionStore.swift */ = {isa = PBXFileReference; lastKnownFileType = sourcecode.swift; path = ShelfSessionStore.swift; sourceTree = "<group>"; };
		B00000000000000000000015 /* ShelfPanelController.swift */ = {isa = PBXFileReference; lastKnownFileType = sourcecode.swift; path = ShelfPanelController.swift; sourceTree = "<group>"; };
		B00000000000000000000016 /* ShelfMenuBarController.swift */ = {isa = PBXFileReference; lastKnownFileType = sourcecode.swift; path = ShelfMenuBarController.swift; sourceTree = "<group>"; };
		B00000000000000000000017 /* ShelfSlotView.swift */ = {isa = PBXFileReference; lastKnownFileType = sourcecode.swift; path = ShelfSlotView.swift; sourceTree = "<group>"; };
		B00000000000000000000018 /* ShelfTrayView.swift */ = {isa = PBXFileReference; lastKnownFileType = sourcecode.swift; path = ShelfTrayView.swift; sourceTree = "<group>"; };
		B00000000000000000000019 /* TrayAnchor.swift */ = {isa = PBXFileReference; lastKnownFileType = sourcecode.swift; path = TrayAnchor.swift; sourceTree = "<group>"; };
		B0000000000000000000001A /* PixelDesign.swift */ = {isa = PBXFileReference; lastKnownFileType = sourcecode.swift; path = PixelDesign.swift; sourceTree = "<group>"; };
		B0000000000000000000001B /* CornerBrackets.swift */ = {isa = PBXFileReference; lastKnownFileType = sourcecode.swift; path = CornerBrackets.swift; sourceTree = "<group>"; };
		B0000000000000000000001C /* PixelBevel.swift */ = {isa = PBXFileReference; lastKnownFileType = sourcecode.swift; path = PixelBevel.swift; sourceTree = "<group>"; };
		B0000000000000000000001D /* RunicText.swift */ = {isa = PBXFileReference; lastKnownFileType = sourcecode.swift; path = RunicText.swift; sourceTree = "<group>"; };
		B0000000000000000000001E /* PressStart2P-Regular.ttf */ = {isa = PBXFileReference; lastKnownFileType = file; path = "PressStart2P-Regular.ttf"; sourceTree = "<group>"; };
		B0000000000000000000001F /* VT323-Regular.ttf */ = {isa = PBXFileReference; lastKnownFileType = file; path = "VT323-Regular.ttf"; sourceTree = "<group>"; };
		B00000000000000000000030 /* Silkscreen-Regular.ttf */ = {isa = PBXFileReference; lastKnownFileType = file; path = "Silkscreen-Regular.ttf"; sourceTree = "<group>"; };
		B00000000000000000000031 /* Silkscreen-Bold.ttf */ = {isa = PBXFileReference; lastKnownFileType = file; path = "Silkscreen-Bold.ttf"; sourceTree = "<group>"; };
		B00000000000000000000032 /* OFL.txt */ = {isa = PBXFileReference; lastKnownFileType = text; path = OFL.txt; sourceTree = "<group>"; };
		B00000000000000000000033 /* SHASUMS */ = {isa = PBXFileReference; lastKnownFileType = text; path = SHASUMS; sourceTree = "<group>"; };
		B00000000000000000000060 /* Assets.xcassets */ = {isa = PBXFileReference; lastKnownFileType = folder.assetcatalog; path = Assets.xcassets; sourceTree = "<group>"; };
		B00000000000000000000026 /* PixelDesignTests.swift */ = {isa = PBXFileReference; lastKnownFileType = sourcecode.swift; path = PixelDesignTests.swift; sourceTree = "<group>"; };
B00000000000000000000053 /* UpdateChecker.swift */ = {isa = PBXFileReference; lastKnownFileType = sourcecode.swift; path = UpdateChecker.swift; sourceTree = "<group>"; };
		B00000000000000000000040 /* RelativeAge.swift */ = {isa = PBXFileReference; lastKnownFileType = sourcecode.swift; path = RelativeAge.swift; sourceTree = "<group>"; };
		B00000000000000000000041 /* ShelfThumbnailer.swift */ = {isa = PBXFileReference; lastKnownFileType = sourcecode.swift; path = ShelfThumbnailer.swift; sourceTree = "<group>"; };
		B00000000000000000000042 /* RankStripe.swift */ = {isa = PBXFileReference; lastKnownFileType = sourcecode.swift; path = RankStripe.swift; sourceTree = "<group>"; };
		B00000000000000000000043 /* DragHandleRune.swift */ = {isa = PBXFileReference; lastKnownFileType = sourcecode.swift; path = DragHandleRune.swift; sourceTree = "<group>"; };
		B00000000000000000000044 /* ShelfTrayHeaderView.swift */ = {isa = PBXFileReference; lastKnownFileType = sourcecode.swift; path = ShelfTrayHeaderView.swift; sourceTree = "<group>"; };
		B00000000000000000000045 /* ShelfTrayFooterView.swift */ = {isa = PBXFileReference; lastKnownFileType = sourcecode.swift; path = ShelfTrayFooterView.swift; sourceTree = "<group>"; };
		B00000000000000000000046 /* ShelfTrayRowView.swift */ = {isa = PBXFileReference; lastKnownFileType = sourcecode.swift; path = ShelfTrayRowView.swift; sourceTree = "<group>"; };
		B00000000000000000000050 /* ShelfRowDragView.swift */ = {isa = PBXFileReference; lastKnownFileType = sourcecode.swift; path = ShelfRowDragView.swift; sourceTree = "<group>"; };
		B00000000000000000000051 /* ShelfContainerView.swift */ = {isa = PBXFileReference; lastKnownFileType = sourcecode.swift; path = ShelfContainerView.swift; sourceTree = "<group>"; };
		B00000000000000000000052 /* ShelfChipView.swift */ = {isa = PBXFileReference; lastKnownFileType = sourcecode.swift; path = ShelfChipView.swift; sourceTree = "<group>"; };
		B00000000000000000000047 /* RelativeAgeTests.swift */ = {isa = PBXFileReference; lastKnownFileType = sourcecode.swift; path = RelativeAgeTests.swift; sourceTree = "<group>"; };
		B00000000000000000000048 /* ShelfThumbnailerTests.swift */ = {isa = PBXFileReference; lastKnownFileType = sourcecode.swift; path = ShelfThumbnailerTests.swift; sourceTree = "<group>"; };
		B00000000000000000000020 /* ShelfInventoryTests.swift */ = {isa = PBXFileReference; lastKnownFileType = sourcecode.swift; path = ShelfInventoryTests.swift; sourceTree = "<group>"; };
		B00000000000000000000021 /* ShelfMediaValidatorTests.swift */ = {isa = PBXFileReference; lastKnownFileType = sourcecode.swift; path = ShelfMediaValidatorTests.swift; sourceTree = "<group>"; };
		B00000000000000000000022 /* ShelfSessionStoreTests.swift */ = {isa = PBXFileReference; lastKnownFileType = sourcecode.swift; path = ShelfSessionStoreTests.swift; sourceTree = "<group>"; };
		B00000000000000000000023 /* ShelfPanelControllerTests.swift */ = {isa = PBXFileReference; lastKnownFileType = sourcecode.swift; path = ShelfPanelControllerTests.swift; sourceTree = "<group>"; };
		B00000000000000000000024 /* ShelfMenuBarControllerTests.swift */ = {isa = PBXFileReference; lastKnownFileType = sourcecode.swift; path = ShelfMenuBarControllerTests.swift; sourceTree = "<group>"; };
		B00000000000000000000025 /* TrayAnchorTests.swift */ = {isa = PBXFileReference; lastKnownFileType = sourcecode.swift; path = TrayAnchorTests.swift; sourceTree = "<group>"; };
/* End PBXFileReference section */

/* Begin PBXFrameworksBuildPhase section */
		A00000000000000000000017 /* Frameworks */ = {
			isa = PBXFrameworksBuildPhase;
			buildActionMask = 2147483647;
			files = (
				A00000000000000000000032 /* Sparkle in Frameworks */,
			);
			runOnlyForDeploymentPostprocessing = 0;
		};
		A0000000000000000000001A /* Frameworks */ = {
			isa = PBXFrameworksBuildPhase;
			buildActionMask = 2147483647;
			files = (
			);
			runOnlyForDeploymentPostprocessing = 0;
		};
/* End PBXFrameworksBuildPhase section */

/* Begin PBXGroup section */
		A00000000000000000000002 /* MainGroup */ = {
			isa = PBXGroup;
			children = (
				A00000000000000000000004 /* ShotNDrop */,
				A00000000000000000000008 /* ShotNDropTests */,
				A00000000000000000000003 /* Products */,
			);
			sourceTree = "<group>";
		};
		A00000000000000000000003 /* Products */ = {
			isa = PBXGroup;
			children = (
				A0000000000000000000000B /* ShotNDrop.app */,
				A0000000000000000000000C /* ShotNDropTests.xctest */,
			);
			name = Products;
			sourceTree = "<group>";
		};
		A00000000000000000000004 /* ShotNDrop */ = {
			isa = PBXGroup;
			children = (
				B00000000000000000000001 /* ShotNDropApp.swift */,
				B00000000000000000000008 /* ShotNDrop.entitlements */,
				B00000000000000000000060 /* Assets.xcassets */,
				A00000000000000000000005 /* Services */,
				A00000000000000000000006 /* Models */,
				A00000000000000000000007 /* UI */,
				A0000000000000000000001C /* Resources */,
			);
			path = ShotNDrop;
			sourceTree = "<group>";
		};
		A00000000000000000000005 /* Services */ = {
			isa = PBXGroup;
			children = (
				B00000000000000000000013 /* ShelfMediaValidator.swift */,
				B00000000000000000000014 /* ShelfSessionStore.swift */,
				B00000000000000000000040 /* RelativeAge.swift */,
				B00000000000000000000041 /* ShelfThumbnailer.swift */,
				B00000000000000000000053 /* UpdateChecker.swift */,
			);
			path = Services;
			sourceTree = "<group>";
		};
		A00000000000000000000006 /* Models */ = {
			isa = PBXGroup;
			children = (
				B00000000000000000000010 /* ShelfMediaKind.swift */,
				B00000000000000000000011 /* ShelfMediaPayload.swift */,
				B00000000000000000000012 /* ShelfInventory.swift */,
			);
			path = Models;
			sourceTree = "<group>";
		};
		A00000000000000000000007 /* UI */ = {
			isa = PBXGroup;
			children = (
				B00000000000000000000015 /* ShelfPanelController.swift */,
				B00000000000000000000016 /* ShelfMenuBarController.swift */,
				B00000000000000000000017 /* ShelfSlotView.swift */,
				B00000000000000000000018 /* ShelfTrayView.swift */,
				B00000000000000000000019 /* TrayAnchor.swift */,
				B00000000000000000000042 /* RankStripe.swift */,
				B00000000000000000000043 /* DragHandleRune.swift */,
				B00000000000000000000044 /* ShelfTrayHeaderView.swift */,
				B00000000000000000000045 /* ShelfTrayFooterView.swift */,
				B00000000000000000000046 /* ShelfTrayRowView.swift */,
				B00000000000000000000050 /* ShelfRowDragView.swift */,
				B00000000000000000000051 /* ShelfContainerView.swift */,
				B00000000000000000000052 /* ShelfChipView.swift */,
				A0000000000000000000001B /* Design */,
			);
			path = UI;
			sourceTree = "<group>";
		};
		A0000000000000000000001B /* Design */ = {
			isa = PBXGroup;
			children = (
				B0000000000000000000001A /* PixelDesign.swift */,
				B0000000000000000000001B /* CornerBrackets.swift */,
				B0000000000000000000001C /* PixelBevel.swift */,
				B0000000000000000000001D /* RunicText.swift */,
			);
			path = Design;
			sourceTree = "<group>";
		};
		A0000000000000000000001C /* Resources */ = {
			isa = PBXGroup;
			children = (
				A0000000000000000000001D /* Fonts */,
			);
			path = Resources;
			sourceTree = "<group>";
		};
		A0000000000000000000001D /* Fonts */ = {
			isa = PBXGroup;
			children = (
				B0000000000000000000001E /* PressStart2P-Regular.ttf */,
				B0000000000000000000001F /* VT323-Regular.ttf */,
				B00000000000000000000030 /* Silkscreen-Regular.ttf */,
				B00000000000000000000031 /* Silkscreen-Bold.ttf */,
				B00000000000000000000032 /* OFL.txt */,
				B00000000000000000000033 /* SHASUMS */,
			);
			path = Fonts;
			sourceTree = "<group>";
		};
		A00000000000000000000008 /* ShotNDropTests */ = {
			isa = PBXGroup;
			children = (
				B00000000000000000000020 /* ShelfInventoryTests.swift */,
				B00000000000000000000021 /* ShelfMediaValidatorTests.swift */,
				B00000000000000000000022 /* ShelfSessionStoreTests.swift */,
				B00000000000000000000023 /* ShelfPanelControllerTests.swift */,
				B00000000000000000000024 /* ShelfMenuBarControllerTests.swift */,
				B00000000000000000000025 /* TrayAnchorTests.swift */,
				B00000000000000000000026 /* PixelDesignTests.swift */,
				B00000000000000000000047 /* RelativeAgeTests.swift */,
				B00000000000000000000048 /* ShelfThumbnailerTests.swift */,
			);
			path = ShotNDropTests;
			sourceTree = "<group>";
		};
/* End PBXGroup section */

/* Begin PBXNativeTarget section */
		A00000000000000000000009 /* ShotNDrop */ = {
			isa = PBXNativeTarget;
			buildConfigurationList = A00000000000000000000010 /* Build configuration list for PBXNativeTarget "ShotNDrop" */;
			buildPhases = (
				A00000000000000000000016 /* Sources */,
				A00000000000000000000017 /* Frameworks */,
				A00000000000000000000018 /* Resources */,
			);
			buildRules = (
			);
			dependencies = (
			);
			name = ShotNDrop;
			packageProductDependencies = (
				A00000000000000000000031 /* Sparkle */,
			);
			productName = ShotNDrop;
			productReference = A0000000000000000000000B /* ShotNDrop.app */;
			productType = "com.apple.product-type.application";
		};
		A0000000000000000000000A /* ShotNDropTests */ = {
			isa = PBXNativeTarget;
			buildConfigurationList = A00000000000000000000013 /* Build configuration list for PBXNativeTarget "ShotNDropTests" */;
			buildPhases = (
				A00000000000000000000019 /* Sources */,
				A0000000000000000000001A /* Frameworks */,
			);
			buildRules = (
			);
			dependencies = (
				D00000000000000000000001 /* PBXTargetDependency */,
			);
			name = ShotNDropTests;
			productName = ShotNDropTests;
			productReference = A0000000000000000000000C /* ShotNDropTests.xctest */;
			productType = "com.apple.product-type.bundle.unit-test";
		};
/* End PBXNativeTarget section */

/* Begin PBXProject section */
		A00000000000000000000001 /* Project object */ = {
			isa = PBXProject;
			attributes = {
				BuildIndependentTargetsInParallel = YES;
				LastSwiftUpdateCheck = 1600;
				LastUpgradeCheck = 1600;
				TargetAttributes = {
					A00000000000000000000009 = {
						CreatedOnToolsVersion = 16.0;
					};
					A0000000000000000000000A = {
						CreatedOnToolsVersion = 16.0;
						TestTargetID = A00000000000000000000009;
					};
				};
			};
			buildConfigurationList = A0000000000000000000000D /* Build configuration list for PBXProject "ShotNDrop" */;
			compatibilityVersion = "Xcode 15.0";
			developmentRegion = en;
			hasScannedForEncodings = 0;
			knownRegions = (
				en,
				Base,
			);
			mainGroup = A00000000000000000000002;
			packageReferences = (
				A00000000000000000000030 /* XCRemoteSwiftPackageReference "Sparkle" */,
			);
			productRefGroup = A00000000000000000000003 /* Products */;
			projectDirPath = "";
			projectRoot = "";
			targets = (
				A00000000000000000000009 /* ShotNDrop */,
				A0000000000000000000000A /* ShotNDropTests */,
			);
		};
/* End PBXProject section */

/* Begin PBXResourcesBuildPhase section */
		A00000000000000000000018 /* Resources */ = {
			isa = PBXResourcesBuildPhase;
			buildActionMask = 2147483647;
			files = (
				C00000000000000000000060 /* Assets.xcassets in Resources */,
				C0000000000000000000001E /* PressStart2P-Regular.ttf in Resources */,
				C0000000000000000000001F /* VT323-Regular.ttf in Resources */,
				C00000000000000000000030 /* Silkscreen-Regular.ttf in Resources */,
				C00000000000000000000031 /* Silkscreen-Bold.ttf in Resources */,
				C00000000000000000000032 /* OFL.txt in Resources */,
				C00000000000000000000033 /* SHASUMS in Resources */,
			);
			runOnlyForDeploymentPostprocessing = 0;
		};
/* End PBXResourcesBuildPhase section */

/* Begin PBXSourcesBuildPhase section */
		A00000000000000000000016 /* Sources */ = {
			isa = PBXSourcesBuildPhase;
			buildActionMask = 2147483647;
			files = (
				C00000000000000000000001 /* ShotNDropApp.swift in Sources */,
				C00000000000000000000010 /* ShelfMediaKind.swift in Sources */,
				C00000000000000000000011 /* ShelfMediaPayload.swift in Sources */,
				C00000000000000000000012 /* ShelfInventory.swift in Sources */,
				C00000000000000000000013 /* ShelfMediaValidator.swift in Sources */,
				C00000000000000000000014 /* ShelfSessionStore.swift in Sources */,
				C00000000000000000000015 /* ShelfPanelController.swift in Sources */,
				C00000000000000000000016 /* ShelfMenuBarController.swift in Sources */,
				C00000000000000000000017 /* ShelfSlotView.swift in Sources */,
				C00000000000000000000018 /* ShelfTrayView.swift in Sources */,
				C00000000000000000000019 /* TrayAnchor.swift in Sources */,
				C0000000000000000000001A /* PixelDesign.swift in Sources */,
				C0000000000000000000001B /* CornerBrackets.swift in Sources */,
				C0000000000000000000001C /* PixelBevel.swift in Sources */,
				C0000000000000000000001D /* RunicText.swift in Sources */,
				C00000000000000000000040 /* RelativeAge.swift in Sources */,
				C00000000000000000000053 /* UpdateChecker.swift in Sources */,
				C00000000000000000000041 /* ShelfThumbnailer.swift in Sources */,
				C00000000000000000000042 /* RankStripe.swift in Sources */,
				C00000000000000000000043 /* DragHandleRune.swift in Sources */,
				C00000000000000000000044 /* ShelfTrayHeaderView.swift in Sources */,
				C00000000000000000000045 /* ShelfTrayFooterView.swift in Sources */,
				C00000000000000000000046 /* ShelfTrayRowView.swift in Sources */,
				C00000000000000000000050 /* ShelfRowDragView.swift in Sources */,
				C00000000000000000000051 /* ShelfContainerView.swift in Sources */,
				C00000000000000000000052 /* ShelfChipView.swift in Sources */,
			);
			runOnlyForDeploymentPostprocessing = 0;
		};
		A00000000000000000000019 /* Sources */ = {
			isa = PBXSourcesBuildPhase;
			buildActionMask = 2147483647;
			files = (
				C00000000000000000000026 /* PixelDesignTests.swift in Sources */,
				C00000000000000000000047 /* RelativeAgeTests.swift in Sources */,
				C00000000000000000000048 /* ShelfThumbnailerTests.swift in Sources */,
				C00000000000000000000020 /* ShelfInventoryTests.swift in Sources */,
				C00000000000000000000021 /* ShelfMediaValidatorTests.swift in Sources */,
				C00000000000000000000022 /* ShelfSessionStoreTests.swift in Sources */,
				C00000000000000000000023 /* ShelfPanelControllerTests.swift in Sources */,
				C00000000000000000000024 /* ShelfMenuBarControllerTests.swift in Sources */,
				C00000000000000000000025 /* TrayAnchorTests.swift in Sources */,
			);
			runOnlyForDeploymentPostprocessing = 0;
		};
/* End PBXSourcesBuildPhase section */

/* Begin PBXTargetDependency section */
		D00000000000000000000001 /* PBXTargetDependency */ = {
			isa = PBXTargetDependency;
			target = A00000000000000000000009 /* ShotNDrop */;
			targetProxy = D00000000000000000000002 /* PBXContainerItemProxy */;
		};
/* End PBXTargetDependency section */

/* Begin XCBuildConfiguration section */
		A0000000000000000000000E /* Debug */ = {
			isa = XCBuildConfiguration;
			buildSettings = {
				ALWAYS_SEARCH_USER_PATHS = NO;
				ASSETCATALOG_COMPILER_GENERATE_SWIFT_ASSET_SYMBOL_EXTENSIONS = YES;
				CLANG_ANALYZER_NONNULL = YES;
				CLANG_ANALYZER_NUMBER_OBJECT_CONVERSION = YES_AGGRESSIVE;
				CLANG_ENABLE_MODULES = YES;
				CLANG_ENABLE_OBJC_ARC = YES;
				CLANG_ENABLE_OBJC_WEAK = YES;
				CLANG_WARN_BLOCK_CAPTURE_AUTORELEASING = YES;
				CLANG_WARN_BOOL_CONVERSION = YES;
				CLANG_WARN_COMMA = YES;
				CLANG_WARN_CONSTANT_CONVERSION = YES;
				CLANG_WARN_DEPRECATED_OBJC_IMPLEMENTATIONS = YES;
				CLANG_WARN_DIRECT_OBJC_ISA_USAGE = YES_ERROR;
				CLANG_WARN_DOCUMENTATION_COMMENTS = YES;
				CLANG_WARN_EMPTY_BODY = YES;
				CLANG_WARN_ENUM_CONVERSION = YES;
				CLANG_WARN_INFINITE_RECURSION = YES;
				CLANG_WARN_INT_CONVERSION = YES;
				CLANG_WARN_NON_LITERAL_NULL_CONVERSION = YES;
				CLANG_WARN_OBJC_IMPLICIT_RETAIN_SELF = YES;
				CLANG_WARN_OBJC_LITERAL_CONVERSION = YES;
				CLANG_WARN_OBJC_ROOT_CLASS = YES_ERROR;
				CLANG_WARN_QUOTED_INCLUDE_IN_FRAMEWORK_HEADER = YES;
				CLANG_WARN_RANGE_LOOP_ANALYSIS = YES;
				CLANG_WARN_STRICT_PROTOTYPES = YES;
				CLANG_WARN_SUSPICIOUS_MOVE = YES;
				CLANG_WARN_UNGUARDED_AVAILABILITY = YES_AGGRESSIVE;
				CLANG_WARN_UNREACHABLE_CODE = YES;
				CLANG_WARN__DUPLICATE_METHOD_MATCH = YES;
				COPY_PHASE_STRIP = NO;
				DEBUG_INFORMATION_FORMAT = dwarf;
				ENABLE_STRICT_OBJC_MSGSEND = YES;
				ENABLE_TESTABILITY = YES;
				ENABLE_USER_SCRIPT_SANDBOXING = YES;
				GCC_C_LANGUAGE_STANDARD = gnu17;
				GCC_DYNAMIC_NO_PIC = NO;
				GCC_NO_COMMON_BLOCKS = YES;
				GCC_OPTIMIZATION_LEVEL = 0;
				GCC_PREPROCESSOR_DEFINITIONS = (
					"DEBUG=1",
					"$(inherited)",
				);
				GCC_WARN_64_TO_32_BIT_CONVERSION = YES;
				GCC_WARN_ABOUT_RETURN_TYPE = YES_ERROR;
				GCC_WARN_UNDECLARED_SELECTOR = YES;
				GCC_WARN_UNINITIALIZED_AUTOS = YES_AGGRESSIVE;
				GCC_WARN_UNUSED_FUNCTION = YES;
				GCC_WARN_UNUSED_VARIABLE = YES;
				LOCALIZATION_PREFERS_STRING_CATALOGS = YES;
				MACOSX_DEPLOYMENT_TARGET = 14.0;
				MTL_ENABLE_DEBUG_INFO = INCLUDE_SOURCE;
				MTL_FAST_MATH = YES;
				ONLY_ACTIVE_ARCH = YES;
				SDKROOT = macosx;
				SWIFT_ACTIVE_COMPILATION_CONDITIONS = "DEBUG $(inherited)";
				SWIFT_OPTIMIZATION_LEVEL = "-Onone";
				SWIFT_STRICT_CONCURRENCY = complete;
				SWIFT_VERSION = 5.0;
			};
			name = Debug;
		};
		A0000000000000000000000F /* Release */ = {
			isa = XCBuildConfiguration;
			buildSettings = {
				ALWAYS_SEARCH_USER_PATHS = NO;
				ASSETCATALOG_COMPILER_GENERATE_SWIFT_ASSET_SYMBOL_EXTENSIONS = YES;
				CLANG_ANALYZER_NONNULL = YES;
				CLANG_ANALYZER_NUMBER_OBJECT_CONVERSION = YES_AGGRESSIVE;
				CLANG_ENABLE_MODULES = YES;
				CLANG_ENABLE_OBJC_ARC = YES;
				CLANG_ENABLE_OBJC_WEAK = YES;
				CLANG_WARN_BLOCK_CAPTURE_AUTORELEASING = YES;
				CLANG_WARN_BOOL_CONVERSION = YES;
				CLANG_WARN_COMMA = YES;
				CLANG_WARN_CONSTANT_CONVERSION = YES;
				CLANG_WARN_DEPRECATED_OBJC_IMPLEMENTATIONS = YES;
				CLANG_WARN_DIRECT_OBJC_ISA_USAGE = YES_ERROR;
				CLANG_WARN_DOCUMENTATION_COMMENTS = YES;
				CLANG_WARN_EMPTY_BODY = YES;
				CLANG_WARN_ENUM_CONVERSION = YES;
				CLANG_WARN_INFINITE_RECURSION = YES;
				CLANG_WARN_INT_CONVERSION = YES;
				CLANG_WARN_NON_LITERAL_NULL_CONVERSION = YES;
				CLANG_WARN_OBJC_IMPLICIT_RETAIN_SELF = YES;
				CLANG_WARN_OBJC_LITERAL_CONVERSION = YES;
				CLANG_WARN_OBJC_ROOT_CLASS = YES_ERROR;
				CLANG_WARN_QUOTED_INCLUDE_IN_FRAMEWORK_HEADER = YES;
				CLANG_WARN_RANGE_LOOP_ANALYSIS = YES;
				CLANG_WARN_STRICT_PROTOTYPES = YES;
				CLANG_WARN_SUSPICIOUS_MOVE = YES;
				CLANG_WARN_UNGUARDED_AVAILABILITY = YES_AGGRESSIVE;
				CLANG_WARN_UNREACHABLE_CODE = YES;
				CLANG_WARN__DUPLICATE_METHOD_MATCH = YES;
				COPY_PHASE_STRIP = NO;
				DEBUG_INFORMATION_FORMAT = "dwarf-with-dsym";
				ENABLE_NS_ASSERTIONS = NO;
				ENABLE_STRICT_OBJC_MSGSEND = YES;
				ENABLE_USER_SCRIPT_SANDBOXING = YES;
				GCC_C_LANGUAGE_STANDARD = gnu17;
				GCC_NO_COMMON_BLOCKS = YES;
				GCC_WARN_64_TO_32_BIT_CONVERSION = YES;
				GCC_WARN_ABOUT_RETURN_TYPE = YES_ERROR;
				GCC_WARN_UNDECLARED_SELECTOR = YES;
				GCC_WARN_UNINITIALIZED_AUTOS = YES_AGGRESSIVE;
				GCC_WARN_UNUSED_FUNCTION = YES;
				GCC_WARN_UNUSED_VARIABLE = YES;
				LOCALIZATION_PREFERS_STRING_CATALOGS = YES;
				MACOSX_DEPLOYMENT_TARGET = 14.0;
				MTL_ENABLE_DEBUG_INFO = NO;
				MTL_FAST_MATH = YES;
				SDKROOT = macosx;
				SWIFT_COMPILATION_MODE = wholemodule;
				SWIFT_STRICT_CONCURRENCY = complete;
				SWIFT_VERSION = 5.0;
			};
			name = Release;
		};
		A00000000000000000000011 /* Debug */ = {
			isa = XCBuildConfiguration;
			buildSettings = {
				ASSETCATALOG_COMPILER_APPICON_NAME = AppIcon;
				CODE_SIGN_ENTITLEMENTS = ShotNDrop/ShotNDrop.entitlements;
				CODE_SIGN_STYLE = Automatic;
				COMBINE_HIDPI_IMAGES = YES;
				CURRENT_PROJECT_VERSION = 9;
				ENABLE_HARDENED_RUNTIME = YES;
				GENERATE_INFOPLIST_FILE = YES;
				INFOPLIST_KEY_CFBundleDisplayName = ShotNDrop;
				INFOPLIST_KEY_LSUIElement = YES;
				INFOPLIST_KEY_NSHumanReadableCopyright = "";
				INFOPLIST_FILE = ShotNDrop/Info.plist;
				LD_RUNPATH_SEARCH_PATHS = (
					"$(inherited)",
					"@executable_path/../Frameworks",
				);
				MARKETING_VERSION = 0.2.1;
				PRODUCT_BUNDLE_IDENTIFIER = com.shotndrop.ShotNDrop;
				PRODUCT_NAME = "$(TARGET_NAME)";
				SWIFT_EMIT_LOC_STRINGS = YES;
			};
			name = Debug;
		};
		A00000000000000000000012 /* Release */ = {
			isa = XCBuildConfiguration;
			buildSettings = {
				ASSETCATALOG_COMPILER_APPICON_NAME = AppIcon;
				CODE_SIGN_ENTITLEMENTS = ShotNDrop/ShotNDrop.entitlements;
				CODE_SIGN_STYLE = Automatic;
				COMBINE_HIDPI_IMAGES = YES;
				CURRENT_PROJECT_VERSION = 9;
				ENABLE_HARDENED_RUNTIME = YES;
				GENERATE_INFOPLIST_FILE = YES;
				INFOPLIST_KEY_CFBundleDisplayName = ShotNDrop;
				INFOPLIST_KEY_LSUIElement = YES;
				INFOPLIST_KEY_NSHumanReadableCopyright = "";
				INFOPLIST_FILE = ShotNDrop/Info.plist;
				LD_RUNPATH_SEARCH_PATHS = (
					"$(inherited)",
					"@executable_path/../Frameworks",
				);
				MARKETING_VERSION = 0.2.1;
				PRODUCT_BUNDLE_IDENTIFIER = com.shotndrop.ShotNDrop;
				PRODUCT_NAME = "$(TARGET_NAME)";
				SWIFT_EMIT_LOC_STRINGS = YES;
			};
			name = Release;
		};
		A00000000000000000000014 /* Debug */ = {
			isa = XCBuildConfiguration;
			buildSettings = {
				BUNDLE_LOADER = "$(TEST_HOST)";
				CODE_SIGN_STYLE = Automatic;
				CURRENT_PROJECT_VERSION = 1;
				GENERATE_INFOPLIST_FILE = YES;
				MARKETING_VERSION = 0.1.0;
				PRODUCT_BUNDLE_IDENTIFIER = com.shotndrop.ShotNDropTests;
				PRODUCT_NAME = "$(TARGET_NAME)";
				SWIFT_EMIT_LOC_STRINGS = NO;
				TEST_HOST = "$(BUILT_PRODUCTS_DIR)/ShotNDrop.app/Contents/MacOS/ShotNDrop";
			};
			name = Debug;
		};
		A00000000000000000000015 /* Release */ = {
			isa = XCBuildConfiguration;
			buildSettings = {
				BUNDLE_LOADER = "$(TEST_HOST)";
				CODE_SIGN_STYLE = Automatic;
				CURRENT_PROJECT_VERSION = 1;
				GENERATE_INFOPLIST_FILE = YES;
				MARKETING_VERSION = 0.1.0;
				PRODUCT_BUNDLE_IDENTIFIER = com.shotndrop.ShotNDropTests;
				PRODUCT_NAME = "$(TARGET_NAME)";
				SWIFT_EMIT_LOC_STRINGS = NO;
				TEST_HOST = "$(BUILT_PRODUCTS_DIR)/ShotNDrop.app/Contents/MacOS/ShotNDrop";
			};
			name = Release;
		};
/* End XCBuildConfiguration section */

/* Begin XCConfigurationList section */
		A0000000000000000000000D /* Build configuration list for PBXProject "ShotNDrop" */ = {
			isa = XCConfigurationList;
			buildConfigurations = (
				A0000000000000000000000E /* Debug */,
				A0000000000000000000000F /* Release */,
			);
			defaultConfigurationIsVisible = 0;
			defaultConfigurationName = Release;
		};
		A00000000000000000000010 /* Build configuration list for PBXNativeTarget "ShotNDrop" */ = {
			isa = XCConfigurationList;
			buildConfigurations = (
				A00000000000000000000011 /* Debug */,
				A00000000000000000000012 /* Release */,
			);
			defaultConfigurationIsVisible = 0;
			defaultConfigurationName = Release;
		};
		A00000000000000000000013 /* Build configuration list for PBXNativeTarget "ShotNDropTests" */ = {
			isa = XCConfigurationList;
			buildConfigurations = (
				A00000000000000000000014 /* Debug */,
				A00000000000000000000015 /* Release */,
			);
			defaultConfigurationIsVisible = 0;
			defaultConfigurationName = Release;
		};
/* End XCConfigurationList section */

/* Begin XCRemoteSwiftPackageReference section */
		A00000000000000000000030 /* XCRemoteSwiftPackageReference "Sparkle" */ = {
			isa = XCRemoteSwiftPackageReference;
			repositoryURL = "https://github.com/sparkle-project/Sparkle";
			requirement = {
				kind = upToNextMajorVersion;
				minimumVersion = 2.6.0;
			};
		};
/* End XCRemoteSwiftPackageReference section */

/* Begin XCSwiftPackageProductDependency section */
		A00000000000000000000031 /* Sparkle */ = {
			isa = XCSwiftPackageProductDependency;
			package = A00000000000000000000030 /* XCRemoteSwiftPackageReference "Sparkle" */;
			productName = Sparkle;
		};
/* End XCSwiftPackageProductDependency section */
	};
	rootObject = A00000000000000000000001 /* Project object */;
}
